
Microsoft Visual Studio Solution File, Format Version 12.00
# Visual Studio 15
Project("{FAE04EC0-301F-11D3-BF4B-00C04F79EFBC}") = "Assembly-CSharp", "Assembly-CSharp.csproj", "{C8EA9CA5-EF4F-2A51-6A7B-5B9DCD24BA85}"
EndProject
Project("{FAE04EC0-301F-11D3-BF4B-00C04F79EFBC}") = "Assembly-CSharp-firstpass", "Assembly-CSharp-firstpass.csproj", "{E7B3A0DE-6DAC-CC8F-B65B-4D018A958278}"
EndProject
Project("{FAE04EC0-301F-11D3-BF4B-00C04F79EFBC}") = "Assembly-CSharp-Editor-firstpass", "Assembly-CSharp-Editor-firstpass.csproj", "{B8986B47-51F7-9145-E201-899C343DBBB0}"
EndProject
Global
	GlobalSection(SolutionConfigurationPlatforms) = preSolution
		Debug|Any CPU = Debug|Any CPU
		Release|Any CPU = Release|Any CPU
	EndGlobalSection
	GlobalSection(ProjectConfigurationPlatforms) = postSolution
		{C8EA9CA5-EF4F-2A51-6A7B-5B9DCD24BA85}.Debug|Any CPU.ActiveCfg = Debug|Any CPU
		{C8EA9CA5-EF4F-2A51-6A7B-5B9DCD24BA85}.Debug|Any CPU.Build.0 = Debug|Any CPU
		{C8EA9CA5-EF4F-2A51-6A7B-5B9DCD24BA85}.Release|Any CPU.ActiveCfg = Release|Any CPU
		{C8EA9CA5-EF4F-2A51-6A7B-5B9DCD24BA85}.Release|Any CPU.Build.0 = Release|Any CPU
		{E7B3A0DE-6DAC-CC8F-B65B-4D018A958278}.Debug|Any CPU.ActiveCfg = Debug|Any CPU
		{E7B3A0DE-6DAC-CC8F-B65B-4D018A958278}.Debug|Any CPU.Build.0 = Debug|Any CPU
		{E7B3A0DE-6DAC-CC8F-B65B-4D018A958278}.Release|Any CPU.ActiveCfg = Release|Any CPU
		{E7B3A0DE-6DAC-CC8F-B65B-4D018A958278}.Release|Any CPU.Build.0 = Release|Any CPU
		{B8986B47-51F7-9145-E201-899C343DBBB0}.Debug|Any CPU.ActiveCfg = Debug|Any CPU
		{B8986B47-51F7-9145-E201-899C343DBBB0}.Debug|Any CPU.Build.0 = Debug|Any CPU
		{B8986B47-51F7-9145-E201-899C343DBBB0}.Release|Any CPU.ActiveCfg = Release|Any CPU
		{B8986B47-51F7-9145-E201-899C343DBBB0}.Release|Any CPU.Build.0 = Release|Any CPU
	EndGlobalSection
	GlobalSection(SolutionProperties) = preSolution
		HideSolutionNode = FALSE
	EndGlobalSection
EndGlobal
